
Microsoft Visual Studio Solution File, Format Version 12.00
# Visual Studio Version 17
VisualStudioVersion = 17.14.36811.4 d17.14
MinimumVisualStudioVersion = 10.0.40219.1
Project("{FAE04EC0-301F-11D3-BF4B-00C04F79EFBC}") = "WinFormsApp_OOP_CourseProject", "WinFormsApp_OOP_CourseProject\WinFormsApp_OOP_CourseProject.csproj", "{1200FD53-F072-4B87-B020-F8BCE54C2D3D}"
EndProject
Global
	GlobalSection(SolutionConfigurationPlatforms) = preSolution
		Debug|Any CPU = Debug|Any CPU
		Release|Any CPU = Release|Any CPU
	EndGlobalSection
	GlobalSection(ProjectConfigurationPlatforms) = postSolution
		{1200FD53-F072-4B87-B020-F8BCE54C2D3D}.Debug|Any CPU.ActiveCfg = Debug|Any CPU
		{1200FD53-F072-4B87-B020-F8BCE54C2D3D}.Debug|Any CPU.Build.0 = Debug|Any CPU
		{1200FD53-F072-4B87-B020-F8BCE54C2D3D}.Release|Any CPU.ActiveCfg = Release|Any CPU
		{1200FD53-F072-4B87-B020-F8BCE54C2D3D}.Release|Any CPU.Build.0 = Release|Any CPU
	EndGlobalSection
	GlobalSection(SolutionProperties) = preSolution
		HideSolutionNode = FALSE
	EndGlobalSection
	GlobalSection(ExtensibilityGlobals) = postSolution
		SolutionGuid = {EC25F10E-997E-41C9-A211-BF184E88AF69}
	EndGlobalSection
EndGlobal
